
Microsoft Visual Studio Solution File, Format Version 12.00
# Visual Studio Version 16
VisualStudioVersion = 16.0.32228.343
MinimumVisualStudioVersion = 10.0.40219.1
Project("{FAE04EC0-301F-11D3-BF4B-00C04F79EFBC}") = "Login", "Login.csproj", "{AA386D30-AD18-4B29-8BCA-1F4E0A3FD403}"
EndProject
Global
	GlobalSection(SolutionConfigurationPlatforms) = preSolution
		Debug|Any CPU = Debug|Any CPU
		Release|Any CPU = Release|Any CPU
	EndGlobalSection
	GlobalSection(ProjectConfigurationPlatforms) = postSolution
		{AA386D30-AD18-4B29-8BCA-1F4E0A3FD403}.Debug|Any CPU.ActiveCfg = Debug|Any CPU
		{AA386D30-AD18-4B29-8BCA-1F4E0A3FD403}.Debug|Any CPU.Build.0 = Debug|Any CPU
		{AA386D30-AD18-4B29-8BCA-1F4E0A3FD403}.Release|Any CPU.ActiveCfg = Release|Any CPU
		{AA386D30-AD18-4B29-8BCA-1F4E0A3FD403}.Release|Any CPU.Build.0 = Release|Any CPU
	EndGlobalSection
	GlobalSection(SolutionProperties) = preSolution
		HideSolutionNode = FALSE
	EndGlobalSection
	GlobalSection(ExtensibilityGlobals) = postSolution
		SolutionGuid = {3F3EB2F3-6FB1-4C9A-BA18-1CFED4270BFC}
	EndGlobalSection
EndGlobal
