
Microsoft Visual Studio Solution File, Format Version 12.00
# Visual Studio Version 17
VisualStudioVersion = 17.1.32328.378
MinimumVisualStudioVersion = 10.0.40219.1
Project("{FAE04EC0-301F-11D3-BF4B-00C04F79EFBC}") = "ColorChanging", "ColorChanging.csproj", "{318B0C07-C580-4F4C-8A17-A6C4AAFD2107}"
EndProject
Global
	GlobalSection(SolutionConfigurationPlatforms) = preSolution
		Debug|Any CPU = Debug|Any CPU
		Release|Any CPU = Release|Any CPU
	EndGlobalSection
	GlobalSection(ProjectConfigurationPlatforms) = postSolution
		{318B0C07-C580-4F4C-8A17-A6C4AAFD2107}.Debug|Any CPU.ActiveCfg = Debug|Any CPU
		{318B0C07-C580-4F4C-8A17-A6C4AAFD2107}.Debug|Any CPU.Build.0 = Debug|Any CPU
		{318B0C07-C580-4F4C-8A17-A6C4AAFD2107}.Release|Any CPU.ActiveCfg = Release|Any CPU
		{318B0C07-C580-4F4C-8A17-A6C4AAFD2107}.Release|Any CPU.Build.0 = Release|Any CPU
	EndGlobalSection
	GlobalSection(SolutionProperties) = preSolution
		HideSolutionNode = FALSE
	EndGlobalSection
	GlobalSection(ExtensibilityGlobals) = postSolution
		SolutionGuid = {70C3B2B8-68CF-46A3-B701-CA62A6C684B9}
	EndGlobalSection
EndGlobal
